
Microsoft Visual Studio Solution File, Format Version 12.00
# Visual Studio Version 17
VisualStudioVersion = 17.10.34707.107
MinimumVisualStudioVersion = 10.0.40219.1
Project("{9A19103F-16F7-4668-BE54-9A1E7A4F7556}") = "BookManager.API", "BookManager.API\BookManager.API.csproj", "{4B664997-9BF7-4590-BFB7-C176E5371E76}"
EndProject
Project("{9A19103F-16F7-4668-BE54-9A1E7A4F7556}") = "BookManager.BookServices", "BookManager.Services\BookManager.BookServices.csproj", "{210F9D41-772A-4E60-9442-F33F8BCF2FC4}"
EndProject
Project("{9A19103F-16F7-4668-BE54-9A1E7A4F7556}") = "BookManager.CustomerService", "BookManager.CustomerService\BookManager.CustomerService.csproj", "{E475439E-7D84-45F2-BE79-227DEEF5CF50}"
EndProject
Project("{9A19103F-16F7-4668-BE54-9A1E7A4F7556}") = "BookManager.DAL", "BookManager.DAL\BookManager.DAL.csproj", "{D39FE0DD-8639-4980-A1B5-269AC7638BE1}"
EndProject
Project("{9A19103F-16F7-4668-BE54-9A1E7A4F7556}") = "BookManager.Models", "BookManager.Models\BookManager.Models.csproj", "{23954101-5F58-49CF-AE2D-A38334204745}"
EndProject
Project("{FAE04EC0-301F-11D3-BF4B-00C04F79EFBC}") = "BookManager.Tests", "BookManager.Tests\BookManager.Tests.csproj", "{7BCBA2F6-7D51-4D6E-927B-14F81338C9EC}"
EndProject
Global
	GlobalSection(SolutionConfigurationPlatforms) = preSolution
		Debug|Any CPU = Debug|Any CPU
		Release|Any CPU = Release|Any CPU
	EndGlobalSection
	GlobalSection(ProjectConfigurationPlatforms) = postSolution
		{4B664997-9BF7-4590-BFB7-C176E5371E76}.Debug|Any CPU.ActiveCfg = Debug|Any CPU
		{4B664997-9BF7-4590-BFB7-C176E5371E76}.Debug|Any CPU.Build.0 = Debug|Any CPU
		{4B664997-9BF7-4590-BFB7-C176E5371E76}.Release|Any CPU.ActiveCfg = Release|Any CPU
		{4B664997-9BF7-4590-BFB7-C176E5371E76}.Release|Any CPU.Build.0 = Release|Any CPU
		{210F9D41-772A-4E60-9442-F33F8BCF2FC4}.Debug|Any CPU.ActiveCfg = Debug|Any CPU
		{210F9D41-772A-4E60-9442-F33F8BCF2FC4}.Debug|Any CPU.Build.0 = Debug|Any CPU
		{210F9D41-772A-4E60-9442-F33F8BCF2FC4}.Release|Any CPU.ActiveCfg = Release|Any CPU
		{210F9D41-772A-4E60-9442-F33F8BCF2FC4}.Release|Any CPU.Build.0 = Release|Any CPU
		{E475439E-7D84-45F2-BE79-227DEEF5CF50}.Debug|Any CPU.ActiveCfg = Debug|Any CPU
		{E475439E-7D84-45F2-BE79-227DEEF5CF50}.Debug|Any CPU.Build.0 = Debug|Any CPU
		{E475439E-7D84-45F2-BE79-227DEEF5CF50}.Release|Any CPU.ActiveCfg = Release|Any CPU
		{E475439E-7D84-45F2-BE79-227DEEF5CF50}.Release|Any CPU.Build.0 = Release|Any CPU
		{D39FE0DD-8639-4980-A1B5-269AC7638BE1}.Debug|Any CPU.ActiveCfg = Debug|Any CPU
		{D39FE0DD-8639-4980-A1B5-269AC7638BE1}.Debug|Any CPU.Build.0 = Debug|Any CPU
		{D39FE0DD-8639-4980-A1B5-269AC7638BE1}.Release|Any CPU.ActiveCfg = Release|Any CPU
		{D39FE0DD-8639-4980-A1B5-269AC7638BE1}.Release|Any CPU.Build.0 = Release|Any CPU
		{23954101-5F58-49CF-AE2D-A38334204745}.Debug|Any CPU.ActiveCfg = Debug|Any CPU
		{23954101-5F58-49CF-AE2D-A38334204745}.Debug|Any CPU.Build.0 = Debug|Any CPU
		{23954101-5F58-49CF-AE2D-A38334204745}.Release|Any CPU.ActiveCfg = Release|Any CPU
		{23954101-5F58-49CF-AE2D-A38334204745}.Release|Any CPU.Build.0 = Release|Any CPU
		{7BCBA2F6-7D51-4D6E-927B-14F81338C9EC}.Debug|Any CPU.ActiveCfg = Debug|Any CPU
		{7BCBA2F6-7D51-4D6E-927B-14F81338C9EC}.Debug|Any CPU.Build.0 = Debug|Any CPU
		{7BCBA2F6-7D51-4D6E-927B-14F81338C9EC}.Release|Any CPU.ActiveCfg = Release|Any CPU
		{7BCBA2F6-7D51-4D6E-927B-14F81338C9EC}.Release|Any CPU.Build.0 = Release|Any CPU
	EndGlobalSection
	GlobalSection(SolutionProperties) = preSolution
		HideSolutionNode = FALSE
	EndGlobalSection
	GlobalSection(ExtensibilityGlobals) = postSolution
		SolutionGuid = {21FC5EF2-BCA4-431D-AE0E-40F086C69C84}
	EndGlobalSection
EndGlobal
